
Microsoft Visual Studio Solution File, Format Version 12.00
# Visual Studio Version 17
VisualStudioVersion = 17.5.002.0
MinimumVisualStudioVersion = 10.0.40219.1
Project("{9A19103F-16F7-4668-BE54-9A1E7A4F7556}") = "HybridEncryption", "HybridEncryption.csproj", "{91933C3F-19BA-470F-A40D-9A76DECCD362}"
EndProject
Global
	GlobalSection(SolutionConfigurationPlatforms) = preSolution
		Debug|Any CPU = Debug|Any CPU
		Release|Any CPU = Release|Any CPU
	EndGlobalSection
	GlobalSection(ProjectConfigurationPlatforms) = postSolution
		{91933C3F-19BA-470F-A40D-9A76DECCD362}.Debug|Any CPU.ActiveCfg = Debug|Any CPU
		{91933C3F-19BA-470F-A40D-9A76DECCD362}.Debug|Any CPU.Build.0 = Debug|Any CPU
		{91933C3F-19BA-470F-A40D-9A76DECCD362}.Release|Any CPU.ActiveCfg = Release|Any CPU
		{91933C3F-19BA-470F-A40D-9A76DECCD362}.Release|Any CPU.Build.0 = Release|Any CPU
	EndGlobalSection
	GlobalSection(SolutionProperties) = preSolution
		HideSolutionNode = FALSE
	EndGlobalSection
	GlobalSection(ExtensibilityGlobals) = postSolution
		SolutionGuid = {EDC7184B-19D2-48AA-8DA9-9B2EEAE2148B}
	EndGlobalSection
EndGlobal
